
Microsoft Visual Studio Solution File, Format Version 12.00
# Visual Studio Version 17
VisualStudioVersion = 17.4.33213.308
MinimumVisualStudioVersion = 10.0.40219.1
Project("{FAE04EC0-301F-11D3-BF4B-00C04F79EFBC}") = "Supervisado_04_Andrea Iboy", "Supervisado_04_Andrea Iboy\Supervisado_04_Andrea Iboy.csproj", "{E67C1FF5-63AC-40EE-8868-1713A96AEF13}"
EndProject
Global
	GlobalSection(SolutionConfigurationPlatforms) = preSolution
		Debug|Any CPU = Debug|Any CPU
		Release|Any CPU = Release|Any CPU
	EndGlobalSection
	GlobalSection(ProjectConfigurationPlatforms) = postSolution
		{E67C1FF5-63AC-40EE-8868-1713A96AEF13}.Debug|Any CPU.ActiveCfg = Debug|Any CPU
		{E67C1FF5-63AC-40EE-8868-1713A96AEF13}.Debug|Any CPU.Build.0 = Debug|Any CPU
		{E67C1FF5-63AC-40EE-8868-1713A96AEF13}.Release|Any CPU.ActiveCfg = Release|Any CPU
		{E67C1FF5-63AC-40EE-8868-1713A96AEF13}.Release|Any CPU.Build.0 = Release|Any CPU
	EndGlobalSection
	GlobalSection(SolutionProperties) = preSolution
		HideSolutionNode = FALSE
	EndGlobalSection
	GlobalSection(ExtensibilityGlobals) = postSolution
		SolutionGuid = {3B6DBCAF-A34C-4660-9DFB-D32F700AF2B8}
	EndGlobalSection
EndGlobal
